
Microsoft Visual Studio Solution File, Format Version 12.00
# Visual Studio 14
VisualStudioVersion = 14.0.23107.0
MinimumVisualStudioVersion = 10.0.40219.1
Project("{FAE04EC0-301F-11D3-BF4B-00C04F79EFBC}") = "TryingASandNS", "TryingASandNS\TryingASandNS.csproj", "{AC2A8C8F-1192-4FD8-86F5-0E2C1921986A}"
EndProject
Project("{2150E333-8FDC-42A3-9474-1A3956D46DE8}") = ".nuget", ".nuget", "{3DCEA5D5-6CC2-4C3C-87A6-75042880B188}"
	ProjectSection(SolutionItems) = preProject
		.nuget\nuget.config = .nuget\nuget.config
	EndProjectSection
EndProject
Global
	GlobalSection(SolutionConfigurationPlatforms) = preSolution
		Debug|Any CPU = Debug|Any CPU
		Release|Any CPU = Release|Any CPU
	EndGlobalSection
	GlobalSection(ProjectConfigurationPlatforms) = postSolution
		{AC2A8C8F-1192-4FD8-86F5-0E2C1921986A}.Debug|Any CPU.ActiveCfg = Debug|Any CPU
		{AC2A8C8F-1192-4FD8-86F5-0E2C1921986A}.Debug|Any CPU.Build.0 = Debug|Any CPU
		{AC2A8C8F-1192-4FD8-86F5-0E2C1921986A}.Release|Any CPU.ActiveCfg = Release|Any CPU
		{AC2A8C8F-1192-4FD8-86F5-0E2C1921986A}.Release|Any CPU.Build.0 = Release|Any CPU
	EndGlobalSection
	GlobalSection(SolutionProperties) = preSolution
		HideSolutionNode = FALSE
	EndGlobalSection
EndGlobal
